
Microsoft Visual Studio Solution File, Format Version 11.00
# Visual Studio 2010
Project("{FAE04EC0-301F-11D3-BF4B-00C04F79EFBC}") = "WpfApplication", "WpfApplication\WpfApplication.csproj", "{57BAEEC3-A902-42E5-9B9B-FDAB57AACD8F}"
EndProject
Project("{FAE04EC0-301F-11D3-BF4B-00C04F79EFBC}") = "WindowsExplorerishModule", "WindowsExplorerishModule\WindowsExplorerishModule.csproj", "{E57EE958-7D3A-4A85-A73C-9D6B5C323FAA}"
EndProject
Project("{FAE04EC0-301F-11D3-BF4B-00C04F79EFBC}") = "AvalonDockAdapterModule", "AvalonDockAdapter\AvalonDockAdapterModule.csproj", "{325FA5AA-58ED-4062-B0E5-2749966BF4B5}"
EndProject
Project("{FAE04EC0-301F-11D3-BF4B-00C04F79EFBC}") = "SampleModule", "SampleModule\SampleModule.csproj", "{43945FFD-BD8D-403F-ACB4-1563AFDD0C13}"
EndProject
Project("{2150E333-8FDC-42A3-9474-1A3956D46DE8}") = ".nuget", ".nuget", "{576B295C-BFD8-47FC-82DF-034A6B8C3C3F}"
	ProjectSection(SolutionItems) = preProject
		.nuget\NuGet.exe = .nuget\NuGet.exe
		.nuget\NuGet.targets = .nuget\NuGet.targets
	EndProjectSection
EndProject
Global
	GlobalSection(SolutionConfigurationPlatforms) = preSolution
		Debug|Any CPU = Debug|Any CPU
		Debug|Mixed Platforms = Debug|Mixed Platforms
		Debug|x86 = Debug|x86
		Release|Any CPU = Release|Any CPU
		Release|Mixed Platforms = Release|Mixed Platforms
		Release|x86 = Release|x86
	EndGlobalSection
	GlobalSection(ProjectConfigurationPlatforms) = postSolution
		{57BAEEC3-A902-42E5-9B9B-FDAB57AACD8F}.Debug|Any CPU.ActiveCfg = Debug|x86
		{57BAEEC3-A902-42E5-9B9B-FDAB57AACD8F}.Debug|Mixed Platforms.ActiveCfg = Debug|x86
		{57BAEEC3-A902-42E5-9B9B-FDAB57AACD8F}.Debug|Mixed Platforms.Build.0 = Debug|x86
		{57BAEEC3-A902-42E5-9B9B-FDAB57AACD8F}.Debug|x86.ActiveCfg = Debug|x86
		{57BAEEC3-A902-42E5-9B9B-FDAB57AACD8F}.Debug|x86.Build.0 = Debug|x86
		{57BAEEC3-A902-42E5-9B9B-FDAB57AACD8F}.Release|Any CPU.ActiveCfg = Release|x86
		{57BAEEC3-A902-42E5-9B9B-FDAB57AACD8F}.Release|Mixed Platforms.ActiveCfg = Release|x86
		{57BAEEC3-A902-42E5-9B9B-FDAB57AACD8F}.Release|Mixed Platforms.Build.0 = Release|x86
		{57BAEEC3-A902-42E5-9B9B-FDAB57AACD8F}.Release|x86.ActiveCfg = Release|x86
		{57BAEEC3-A902-42E5-9B9B-FDAB57AACD8F}.Release|x86.Build.0 = Release|x86
		{E57EE958-7D3A-4A85-A73C-9D6B5C323FAA}.Debug|Any CPU.ActiveCfg = Debug|Any CPU
		{E57EE958-7D3A-4A85-A73C-9D6B5C323FAA}.Debug|Any CPU.Build.0 = Debug|Any CPU
		{E57EE958-7D3A-4A85-A73C-9D6B5C323FAA}.Debug|Mixed Platforms.ActiveCfg = Debug|Any CPU
		{E57EE958-7D3A-4A85-A73C-9D6B5C323FAA}.Debug|Mixed Platforms.Build.0 = Debug|Any CPU
		{E57EE958-7D3A-4A85-A73C-9D6B5C323FAA}.Debug|x86.ActiveCfg = Debug|Any CPU
		{E57EE958-7D3A-4A85-A73C-9D6B5C323FAA}.Release|Any CPU.ActiveCfg = Release|Any CPU
		{E57EE958-7D3A-4A85-A73C-9D6B5C323FAA}.Release|Any CPU.Build.0 = Release|Any CPU
		{E57EE958-7D3A-4A85-A73C-9D6B5C323FAA}.Release|Mixed Platforms.ActiveCfg = Release|Any CPU
		{E57EE958-7D3A-4A85-A73C-9D6B5C323FAA}.Release|Mixed Platforms.Build.0 = Release|Any CPU
		{E57EE958-7D3A-4A85-A73C-9D6B5C323FAA}.Release|x86.ActiveCfg = Release|Any CPU
		{325FA5AA-58ED-4062-B0E5-2749966BF4B5}.Debug|Any CPU.ActiveCfg = Debug|Any CPU
		{325FA5AA-58ED-4062-B0E5-2749966BF4B5}.Debug|Any CPU.Build.0 = Debug|Any CPU
		{325FA5AA-58ED-4062-B0E5-2749966BF4B5}.Debug|Mixed Platforms.ActiveCfg = Debug|Any CPU
		{325FA5AA-58ED-4062-B0E5-2749966BF4B5}.Debug|Mixed Platforms.Build.0 = Debug|Any CPU
		{325FA5AA-58ED-4062-B0E5-2749966BF4B5}.Debug|x86.ActiveCfg = Debug|Any CPU
		{325FA5AA-58ED-4062-B0E5-2749966BF4B5}.Release|Any CPU.ActiveCfg = Release|Any CPU
		{325FA5AA-58ED-4062-B0E5-2749966BF4B5}.Release|Any CPU.Build.0 = Release|Any CPU
		{325FA5AA-58ED-4062-B0E5-2749966BF4B5}.Release|Mixed Platforms.ActiveCfg = Release|Any CPU
		{325FA5AA-58ED-4062-B0E5-2749966BF4B5}.Release|Mixed Platforms.Build.0 = Release|Any CPU
		{325FA5AA-58ED-4062-B0E5-2749966BF4B5}.Release|x86.ActiveCfg = Release|Any CPU
		{43945FFD-BD8D-403F-ACB4-1563AFDD0C13}.Debug|Any CPU.ActiveCfg = Debug|Any CPU
		{43945FFD-BD8D-403F-ACB4-1563AFDD0C13}.Debug|Any CPU.Build.0 = Debug|Any CPU
		{43945FFD-BD8D-403F-ACB4-1563AFDD0C13}.Debug|Mixed Platforms.ActiveCfg = Debug|Any CPU
		{43945FFD-BD8D-403F-ACB4-1563AFDD0C13}.Debug|Mixed Platforms.Build.0 = Debug|Any CPU
		{43945FFD-BD8D-403F-ACB4-1563AFDD0C13}.Debug|x86.ActiveCfg = Debug|Any CPU
		{43945FFD-BD8D-403F-ACB4-1563AFDD0C13}.Release|Any CPU.ActiveCfg = Release|Any CPU
		{43945FFD-BD8D-403F-ACB4-1563AFDD0C13}.Release|Any CPU.Build.0 = Release|Any CPU
		{43945FFD-BD8D-403F-ACB4-1563AFDD0C13}.Release|Mixed Platforms.ActiveCfg = Release|Any CPU
		{43945FFD-BD8D-403F-ACB4-1563AFDD0C13}.Release|Mixed Platforms.Build.0 = Release|Any CPU
		{43945FFD-BD8D-403F-ACB4-1563AFDD0C13}.Release|x86.ActiveCfg = Release|Any CPU
	EndGlobalSection
	GlobalSection(SolutionProperties) = preSolution
		HideSolutionNode = FALSE
	EndGlobalSection
	GlobalSection(ExtensibilityGlobals) = postSolution
		EnterpriseLibraryConfigurationToolBinariesPath = packages\Unity.2.1.505.0\lib\NET35
	EndGlobalSection
EndGlobal
